// !$*UTF8*$!
{
	archiveVersion = 1;
	classes = {
	};
	objectVersion = 56;
	objects = {

/* Begin PBXBuildFile section */
		C21D3605298A2FF50096ACC6 /* WeatherApp.swift in Sources */ = {isa = PBXBuildFile; fileRef = C21D3604298A2FF50096ACC6 /* WeatherApp.swift */; };
		C21D3607298A2FF50096ACC6 /* ContentView.swift in Sources */ = {isa = PBXBuildFile; fileRef = C21D3606298A2FF50096ACC6 /* ContentView.swift */; };
		C21D3609298A2FF70096ACC6 /* Assets.xcassets in Resources */ = {isa = PBXBuildFile; fileRef = C21D3608298A2FF70096ACC6 /* Assets.xcassets */; };
		C21D360C298A2FF70096ACC6 /* Preview Assets.xcassets in Resources */ = {isa = PBXBuildFile; fileRef = C21D360B298A2FF70096ACC6 /* Preview Assets.xcassets */; };
		C21D3616298A2FF70096ACC6 /* WeatherTests.swift in Sources */ = {isa = PBXBuildFile; fileRef = C21D3615298A2FF70096ACC6 /* WeatherTests.swift */; };
		C21D3620298A2FF80096ACC6 /* WeatherUITests.swift in Sources */ = {isa = PBXBuildFile; fileRef = C21D361F298A2FF80096ACC6 /* WeatherUITests.swift */; };
		C21D3622298A2FF80096ACC6 /* WeatherUITestsLaunchTests.swift in Sources */ = {isa = PBXBuildFile; fileRef = C21D3621298A2FF80096ACC6 /* WeatherUITestsLaunchTests.swift */; };
		C21D3630298A5D0A0096ACC6 /* LocationManager.swift in Sources */ = {isa = PBXBuildFile; fileRef = C21D362F298A5D0A0096ACC6 /* LocationManager.swift */; };
		C21D3633298A64990096ACC6 /* WelcomeView.swift in Sources */ = {isa = PBXBuildFile; fileRef = C21D3632298A64990096ACC6 /* WelcomeView.swift */; };
		C21D3635298B5DF40096ACC6 /* LoadingView.swift in Sources */ = {isa = PBXBuildFile; fileRef = C21D3634298B5DF30096ACC6 /* LoadingView.swift */; };
		C21D3637298B61B60096ACC6 /* WeatherManager.swift in Sources */ = {isa = PBXBuildFile; fileRef = C21D3636298B61B60096ACC6 /* WeatherManager.swift */; };
		C21D3639298B97740096ACC6 /* WeatherView.swift in Sources */ = {isa = PBXBuildFile; fileRef = C21D3638298B97740096ACC6 /* WeatherView.swift */; };
		C21D363B298B995F0096ACC6 /* ModelData.swift in Sources */ = {isa = PBXBuildFile; fileRef = C21D363A298B995F0096ACC6 /* ModelData.swift */; };
		C21D363D298B99F50096ACC6 /* weatherData.json in Resources */ = {isa = PBXBuildFile; fileRef = C21D363C298B99F50096ACC6 /* weatherData.json */; };
		C21D363F298BAA030096ACC6 /* Extensions.swift in Sources */ = {isa = PBXBuildFile; fileRef = C21D363E298BAA030096ACC6 /* Extensions.swift */; };
/* End PBXBuildFile section */

/* Begin PBXContainerItemProxy section */
		C21D3612298A2FF70096ACC6 /* PBXContainerItemProxy */ = {
			isa = PBXContainerItemProxy;
			containerPortal = C21D35F9298A2FF50096ACC6 /* Project object */;
			proxyType = 1;
			remoteGlobalIDString = C21D3600298A2FF50096ACC6;
			remoteInfo = Weather;
		};
		C21D361C298A2FF80096ACC6 /* PBXContainerItemProxy */ = {
			isa = PBXContainerItemProxy;
			containerPortal = C21D35F9298A2FF50096ACC6 /* Project object */;
			proxyType = 1;
			remoteGlobalIDString = C21D3600298A2FF50096ACC6;
			remoteInfo = Weather;
		};
/* End PBXContainerItemProxy section */

/* Begin PBXFileReference section */
		C21D3601298A2FF50096ACC6 /* Weather.app */ = {isa = PBXFileReference; explicitFileType = wrapper.application; includeInIndex = 0; path = Weather.app; sourceTree = BUILT_PRODUCTS_DIR; };
		C21D3604298A2FF50096ACC6 /* WeatherApp.swift */ = {isa = PBXFileReference; lastKnownFileType = sourcecode.swift; path = WeatherApp.swift; sourceTree = "<group>"; };
		C21D3606298A2FF50096ACC6 /* ContentView.swift */ = {isa = PBXFileReference; lastKnownFileType = sourcecode.swift; path = ContentView.swift; sourceTree = "<group>"; };
		C21D3608298A2FF70096ACC6 /* Assets.xcassets */ = {isa = PBXFileReference; lastKnownFileType = folder.assetcatalog; path = Assets.xcassets; sourceTree = "<group>"; };
		C21D360B298A2FF70096ACC6 /* Preview Assets.xcassets */ = {isa = PBXFileReference; lastKnownFileType = folder.assetcatalog; path = "Preview Assets.xcassets"; sourceTree = "<group>"; };
		C21D3611298A2FF70096ACC6 /* WeatherTests.xctest */ = {isa = PBXFileReference; explicitFileType = wrapper.cfbundle; includeInIndex = 0; path = WeatherTests.xctest; sourceTree = BUILT_PRODUCTS_DIR; };
		C21D3615298A2FF70096ACC6 /* WeatherTests.swift */ = {isa = PBXFileReference; lastKnownFileType = sourcecode.swift; path = WeatherTests.swift; sourceTree = "<group>"; };
		C21D361B298A2FF80096ACC6 /* WeatherUITests.xctest */ = {isa = PBXFileReference; explicitFileType = wrapper.cfbundle; includeInIndex = 0; path = WeatherUITests.xctest; sourceTree = BUILT_PRODUCTS_DIR; };
		C21D361F298A2FF80096ACC6 /* WeatherUITests.swift */ = {isa = PBXFileReference; lastKnownFileType = sourcecode.swift; path = WeatherUITests.swift; sourceTree = "<group>"; };
		C21D3621298A2FF80096ACC6 /* WeatherUITestsLaunchTests.swift */ = {isa = PBXFileReference; lastKnownFileType = sourcecode.swift; path = WeatherUITestsLaunchTests.swift; sourceTree = "<group>"; };
		C21D362F298A5D0A0096ACC6 /* LocationManager.swift */ = {isa = PBXFileReference; lastKnownFileType = sourcecode.swift; path = LocationManager.swift; sourceTree = "<group>"; };
		C21D3632298A64990096ACC6 /* WelcomeView.swift */ = {isa = PBXFileReference; lastKnownFileType = sourcecode.swift; path = WelcomeView.swift; sourceTree = "<group>"; };
		C21D3634298B5DF30096ACC6 /* LoadingView.swift */ = {isa = PBXFileReference; lastKnownFileType = sourcecode.swift; path = LoadingView.swift; sourceTree = "<group>"; };
		C21D3636298B61B60096ACC6 /* WeatherManager.swift */ = {isa = PBXFileReference; lastKnownFileType = sourcecode.swift; path = WeatherManager.swift; sourceTree = "<group>"; };
		C21D3638298B97740096ACC6 /* WeatherView.swift */ = {isa = PBXFileReference; lastKnownFileType = sourcecode.swift; path = WeatherView.swift; sourceTree = "<group>"; };
		C21D363A298B995F0096ACC6 /* ModelData.swift */ = {isa = PBXFileReference; lastKnownFileType = sourcecode.swift; path = ModelData.swift; sourceTree = "<group>"; };
		C21D363C298B99F50096ACC6 /* weatherData.json */ = {isa = PBXFileReference; lastKnownFileType = text.json; path = weatherData.json; sourceTree = "<group>"; };
		C21D363E298BAA030096ACC6 /* Extensions.swift */ = {isa = PBXFileReference; lastKnownFileType = sourcecode.swift; path = Extensions.swift; sourceTree = "<group>"; };
/* End PBXFileReference section */

/* Begin PBXFrameworksBuildPhase section */
		C21D35FE298A2FF50096ACC6 /* Frameworks */ = {
			isa = PBXFrameworksBuildPhase;
			buildActionMask = 2147483647;
			files = (
			);
			runOnlyForDeploymentPostprocessing = 0;
		};
		C21D360E298A2FF70096ACC6 /* Frameworks */ = {
			isa = PBXFrameworksBuildPhase;
			buildActionMask = 2147483647;
			files = (
			);
			runOnlyForDeploymentPostprocessing = 0;
		};
		C21D3618298A2FF80096ACC6 /* Frameworks */ = {
			isa = PBXFrameworksBuildPhase;
			buildActionMask = 2147483647;
			files = (
			);
			runOnlyForDeploymentPostprocessing = 0;
		};
/* End PBXFrameworksBuildPhase section */

/* Begin PBXGroup section */
		C21D35F8298A2FF50096ACC6 = {
			isa = PBXGroup;
			children = (
				C21D3603298A2FF50096ACC6 /* Weather */,
				C21D3602298A2FF50096ACC6 /* Products */,
			);
			sourceTree = "<group>";
		};
		C21D3602298A2FF50096ACC6 /* Products */ = {
			isa = PBXGroup;
			children = (
				C21D3601298A2FF50096ACC6 /* Weather.app */,
				C21D3611298A2FF70096ACC6 /* WeatherTests.xctest */,
				C21D361B298A2FF80096ACC6 /* WeatherUITests.xctest */,
			);
			name = Products;
			sourceTree = "<group>";
		};
		C21D3603298A2FF50096ACC6 /* Weather */ = {
			isa = PBXGroup;
			children = (
				C21D3604298A2FF50096ACC6 /* WeatherApp.swift */,
				C21D362E298A5CDF0096ACC6 /* Managers */,
				C21D3631298A63210096ACC6 /* Views */,
				C21D361E298A2FF80096ACC6 /* WeatherUITests */,
				C21D3614298A2FF70096ACC6 /* WeatherTests */,
				C21D360A298A2FF70096ACC6 /* Preview Content */,
				C21D3608298A2FF70096ACC6 /* Assets.xcassets */,
				C21D363E298BAA030096ACC6 /* Extensions.swift */,
			);
			path = Weather;
			sourceTree = "<group>";
		};
		C21D360A298A2FF70096ACC6 /* Preview Content */ = {
			isa = PBXGroup;
			children = (
				C21D360B298A2FF70096ACC6 /* Preview Assets.xcassets */,
				C21D363A298B995F0096ACC6 /* ModelData.swift */,
				C21D363C298B99F50096ACC6 /* weatherData.json */,
			);
			path = "Preview Content";
			sourceTree = "<group>";
		};
		C21D3614298A2FF70096ACC6 /* WeatherTests */ = {
			isa = PBXGroup;
			children = (
				C21D3615298A2FF70096ACC6 /* WeatherTests.swift */,
			);
			path = WeatherTests;
			sourceTree = "<group>";
		};
		C21D361E298A2FF80096ACC6 /* WeatherUITests */ = {
			isa = PBXGroup;
			children = (
				C21D361F298A2FF80096ACC6 /* WeatherUITests.swift */,
				C21D3621298A2FF80096ACC6 /* WeatherUITestsLaunchTests.swift */,
			);
			path = WeatherUITests;
			sourceTree = "<group>";
		};
		C21D362E298A5CDF0096ACC6 /* Managers */ = {
			isa = PBXGroup;
			children = (
				C21D362F298A5D0A0096ACC6 /* LocationManager.swift */,
				C21D3636298B61B60096ACC6 /* WeatherManager.swift */,
			);
			path = Managers;
			sourceTree = "<group>";
		};
		C21D3631298A63210096ACC6 /* Views */ = {
			isa = PBXGroup;
			children = (
				C21D3606298A2FF50096ACC6 /* ContentView.swift */,
				C21D3632298A64990096ACC6 /* WelcomeView.swift */,
				C21D3634298B5DF30096ACC6 /* LoadingView.swift */,
				C21D3638298B97740096ACC6 /* WeatherView.swift */,
			);
			path = Views;
			sourceTree = "<group>";
		};
/* End PBXGroup section */

/* Begin PBXNativeTarget section */
		C21D3600298A2FF50096ACC6 /* Weather */ = {
			isa = PBXNativeTarget;
			buildConfigurationList = C21D3625298A2FF80096ACC6 /* Build configuration list for PBXNativeTarget "Weather" */;
			buildPhases = (
				C21D35FD298A2FF50096ACC6 /* Sources */,
				C21D35FE298A2FF50096ACC6 /* Frameworks */,
				C21D35FF298A2FF50096ACC6 /* Resources */,
			);
			buildRules = (
			);
			dependencies = (
			);
			name = Weather;
			productName = Weather;
			productReference = C21D3601298A2FF50096ACC6 /* Weather.app */;
			productType = "com.apple.product-type.application";
		};
		C21D3610298A2FF70096ACC6 /* WeatherTests */ = {
			isa = PBXNativeTarget;
			buildConfigurationList = C21D3628298A2FF80096ACC6 /* Build configuration list for PBXNativeTarget "WeatherTests" */;
			buildPhases = (
				C21D360D298A2FF70096ACC6 /* Sources */,
				C21D360E298A2FF70096ACC6 /* Frameworks */,
				C21D360F298A2FF70096ACC6 /* Resources */,
			);
			buildRules = (
			);
			dependencies = (
				C21D3613298A2FF70096ACC6 /* PBXTargetDependency */,
			);
			name = WeatherTests;
			productName = WeatherTests;
			productReference = C21D3611298A2FF70096ACC6 /* WeatherTests.xctest */;
			productType = "com.apple.product-type.bundle.unit-test";
		};
		C21D361A298A2FF80096ACC6 /* WeatherUITests */ = {
			isa = PBXNativeTarget;
			buildConfigurationList = C21D362B298A2FF80096ACC6 /* Build configuration list for PBXNativeTarget "WeatherUITests" */;
			buildPhases = (
				C21D3617298A2FF80096ACC6 /* Sources */,
				C21D3618298A2FF80096ACC6 /* Frameworks */,
				C21D3619298A2FF80096ACC6 /* Resources */,
			);
			buildRules = (
			);
			dependencies = (
				C21D361D298A2FF80096ACC6 /* PBXTargetDependency */,
			);
			name = WeatherUITests;
			productName = WeatherUITests;
			productReference = C21D361B298A2FF80096ACC6 /* WeatherUITests.xctest */;
			productType = "com.apple.product-type.bundle.ui-testing";
		};
/* End PBXNativeTarget section */

/* Begin PBXProject section */
		C21D35F9298A2FF50096ACC6 /* Project object */ = {
			isa = PBXProject;
			attributes = {
				BuildIndependentTargetsInParallel = 1;
				LastSwiftUpdateCheck = 1420;
				LastUpgradeCheck = 1420;
				TargetAttributes = {
					C21D3600298A2FF50096ACC6 = {
						CreatedOnToolsVersion = 14.2;
					};
					C21D3610298A2FF70096ACC6 = {
						CreatedOnToolsVersion = 14.2;
						TestTargetID = C21D3600298A2FF50096ACC6;
					};
					C21D361A298A2FF80096ACC6 = {
						CreatedOnToolsVersion = 14.2;
						TestTargetID = C21D3600298A2FF50096ACC6;
					};
				};
			};
			buildConfigurationList = C21D35FC298A2FF50096ACC6 /* Build configuration list for PBXProject "Weather" */;
			compatibilityVersion = "Xcode 14.0";
			developmentRegion = en;
			hasScannedForEncodings = 0;
			knownRegions = (
				en,
				Base,
			);
			mainGroup = C21D35F8298A2FF50096ACC6;
			productRefGroup = C21D3602298A2FF50096ACC6 /* Products */;
			projectDirPath = "";
			projectRoot = "";
			targets = (
				C21D3600298A2FF50096ACC6 /* Weather */,
				C21D3610298A2FF70096ACC6 /* WeatherTests */,
				C21D361A298A2FF80096ACC6 /* WeatherUITests */,
			);
		};
/* End PBXProject section */

/* Begin PBXResourcesBuildPhase section */
		C21D35FF298A2FF50096ACC6 /* Resources */ = {
			isa = PBXResourcesBuildPhase;
			buildActionMask = 2147483647;
			files = (
				C21D360C298A2FF70096ACC6 /* Preview Assets.xcassets in Resources */,
				C21D363D298B99F50096ACC6 /* weatherData.json in Resources */,
				C21D3609298A2FF70096ACC6 /* Assets.xcassets in Resources */,
			);
			runOnlyForDeploymentPostprocessing = 0;
		};
		C21D360F298A2FF70096ACC6 /* Resources */ = {
			isa = PBXResourcesBuildPhase;
			buildActionMask = 2147483647;
			files = (
			);
			runOnlyForDeploymentPostprocessing = 0;
		};
		C21D3619298A2FF80096ACC6 /* Resources */ = {
			isa = PBXResourcesBuildPhase;
			buildActionMask = 2147483647;
			files = (
			);
			runOnlyForDeploymentPostprocessing = 0;
		};
/* End PBXResourcesBuildPhase section */

/* Begin PBXSourcesBuildPhase section */
		C21D35FD298A2FF50096ACC6 /* Sources */ = {
			isa = PBXSourcesBuildPhase;
			buildActionMask = 2147483647;
			files = (
				C21D3637298B61B60096ACC6 /* WeatherManager.swift in Sources */,
				C21D363F298BAA030096ACC6 /* Extensions.swift in Sources */,
				C21D3607298A2FF50096ACC6 /* ContentView.swift in Sources */,
				C21D3605298A2FF50096ACC6 /* WeatherApp.swift in Sources */,
				C21D3630298A5D0A0096ACC6 /* LocationManager.swift in Sources */,
				C21D3635298B5DF40096ACC6 /* LoadingView.swift in Sources */,
				C21D363B298B995F0096ACC6 /* ModelData.swift in Sources */,
				C21D3639298B97740096ACC6 /* WeatherView.swift in Sources */,
				C21D3633298A64990096ACC6 /* WelcomeView.swift in Sources */,
			);
			runOnlyForDeploymentPostprocessing = 0;
		};
		C21D360D298A2FF70096ACC6 /* Sources */ = {
			isa = PBXSourcesBuildPhase;
			buildActionMask = 2147483647;
			files = (
				C21D3616298A2FF70096ACC6 /* WeatherTests.swift in Sources */,
			);
			runOnlyForDeploymentPostprocessing = 0;
		};
		C21D3617298A2FF80096ACC6 /* Sources */ = {
			isa = PBXSourcesBuildPhase;
			buildActionMask = 2147483647;
			files = (
				C21D3620298A2FF80096ACC6 /* WeatherUITests.swift in Sources */,
				C21D3622298A2FF80096ACC6 /* WeatherUITestsLaunchTests.swift in Sources */,
			);
			runOnlyForDeploymentPostprocessing = 0;
		};
/* End PBXSourcesBuildPhase section */

/* Begin PBXTargetDependency section */
		C21D3613298A2FF70096ACC6 /* PBXTargetDependency */ = {
			isa = PBXTargetDependency;
			target = C21D3600298A2FF50096ACC6 /* Weather */;
			targetProxy = C21D3612298A2FF70096ACC6 /* PBXContainerItemProxy */;
		};
		C21D361D298A2FF80096ACC6 /* PBXTargetDependency */ = {
			isa = PBXTargetDependency;
			target = C21D3600298A2FF50096ACC6 /* Weather */;
			targetProxy = C21D361C298A2FF80096ACC6 /* PBXContainerItemProxy */;
		};
/* End PBXTargetDependency section */

/* Begin XCBuildConfiguration section */
		C21D3623298A2FF80096ACC6 /* Debug */ = {
			isa = XCBuildConfiguration;
			buildSettings = {
				ALWAYS_SEARCH_USER_PATHS = NO;
				CLANG_ANALYZER_NONNULL = YES;
				CLANG_ANALYZER_NUMBER_OBJECT_CONVERSION = YES_AGGRESSIVE;
				CLANG_CXX_LANGUAGE_STANDARD = "gnu++20";
				CLANG_ENABLE_MODULES = YES;
				CLANG_ENABLE_OBJC_ARC = YES;
				CLANG_ENABLE_OBJC_WEAK = YES;
				CLANG_WARN_BLOCK_CAPTURE_AUTORELEASING = YES;
				CLANG_WARN_BOOL_CONVERSION = YES;
				CLANG_WARN_COMMA = YES;
				CLANG_WARN_CONSTANT_CONVERSION = YES;
				CLANG_WARN_DEPRECATED_OBJC_IMPLEMENTATIONS = YES;
				CLANG_WARN_DIRECT_OBJC_ISA_USAGE = YES_ERROR;
				CLANG_WARN_DOCUMENTATION_COMMENTS = YES;
				CLANG_WARN_EMPTY_BODY = YES;
				CLANG_WARN_ENUM_CONVERSION = YES;
				CLANG_WARN_INFINITE_RECURSION = YES;
				CLANG_WARN_INT_CONVERSION = YES;
				CLANG_WARN_NON_LITERAL_NULL_CONVERSION = YES;
				CLANG_WARN_OBJC_IMPLICIT_RETAIN_SELF = YES;
				CLANG_WARN_OBJC_LITERAL_CONVERSION = YES;
				CLANG_WARN_OBJC_ROOT_CLASS = YES_ERROR;
				CLANG_WARN_QUOTED_INCLUDE_IN_FRAMEWORK_HEADER = YES;
				CLANG_WARN_RANGE_LOOP_ANALYSIS = YES;
				CLANG_WARN_STRICT_PROTOTYPES = YES;
				CLANG_WARN_SUSPICIOUS_MOVE = YES;
				CLANG_WARN_UNGUARDED_AVAILABILITY = YES_AGGRESSIVE;
				CLANG_WARN_UNREACHABLE_CODE = YES;
				CLANG_WARN__DUPLICATE_METHOD_MATCH = YES;
				COPY_PHASE_STRIP = NO;
				DEBUG_INFORMATION_FORMAT = dwarf;
				ENABLE_STRICT_OBJC_MSGSEND = YES;
				ENABLE_TESTABILITY = YES;
				GCC_C_LANGUAGE_STANDARD = gnu11;
				GCC_DYNAMIC_NO_PIC = NO;
				GCC_NO_COMMON_BLOCKS = YES;
				GCC_OPTIMIZATION_LEVEL = 0;
				GCC_PREPROCESSOR_DEFINITIONS = (
					"DEBUG=1",
					"$(inherited)",
				);
				GCC_WARN_64_TO_32_BIT_CONVERSION = YES;
				GCC_WARN_ABOUT_RETURN_TYPE = YES_ERROR;
				GCC_WARN_UNDECLARED_SELECTOR = YES;
				GCC_WARN_UNINITIALIZED_AUTOS = YES_AGGRESSIVE;
				GCC_WARN_UNUSED_FUNCTION = YES;
				GCC_WARN_UNUSED_VARIABLE = YES;
				IPHONEOS_DEPLOYMENT_TARGET = 16.2;
				MTL_ENABLE_DEBUG_INFO = INCLUDE_SOURCE;
				MTL_FAST_MATH = YES;
				ONLY_ACTIVE_ARCH = YES;
				SDKROOT = iphoneos;
				SWIFT_ACTIVE_COMPILATION_CONDITIONS = DEBUG;
				SWIFT_OPTIMIZATION_LEVEL = "-Onone";
			};
			name = Debug;
		};
		C21D3624298A2FF80096ACC6 /* Release */ = {
			isa = XCBuildConfiguration;
			buildSettings = {
				ALWAYS_SEARCH_USER_PATHS = NO;
				CLANG_ANALYZER_NONNULL = YES;
				CLANG_ANALYZER_NUMBER_OBJECT_CONVERSION = YES_AGGRESSIVE;
				CLANG_CXX_LANGUAGE_STANDARD = "gnu++20";
				CLANG_ENABLE_MODULES = YES;
				CLANG_ENABLE_OBJC_ARC = YES;
				CLANG_ENABLE_OBJC_WEAK = YES;
				CLANG_WARN_BLOCK_CAPTURE_AUTORELEASING = YES;
				CLANG_WARN_BOOL_CONVERSION = YES;
				CLANG_WARN_COMMA = YES;
				CLANG_WARN_CONSTANT_CONVERSION = YES;
				CLANG_WARN_DEPRECATED_OBJC_IMPLEMENTATIONS = YES;
				CLANG_WARN_DIRECT_OBJC_ISA_USAGE = YES_ERROR;
				CLANG_WARN_DOCUMENTATION_COMMENTS = YES;
				CLANG_WARN_EMPTY_BODY = YES;
				CLANG_WARN_ENUM_CONVERSION = YES;
				CLANG_WARN_INFINITE_RECURSION = YES;
				CLANG_WARN_INT_CONVERSION = YES;
				CLANG_WARN_NON_LITERAL_NULL_CONVERSION = YES;
				CLANG_WARN_OBJC_IMPLICIT_RETAIN_SELF = YES;
				CLANG_WARN_OBJC_LITERAL_CONVERSION = YES;
				CLANG_WARN_OBJC_ROOT_CLASS = YES_ERROR;
				CLANG_WARN_QUOTED_INCLUDE_IN_FRAMEWORK_HEADER = YES;
				CLANG_WARN_RANGE_LOOP_ANALYSIS = YES;
				CLANG_WARN_STRICT_PROTOTYPES = YES;
				CLANG_WARN_SUSPICIOUS_MOVE = YES;
				CLANG_WARN_UNGUARDED_AVAILABILITY = YES_AGGRESSIVE;
				CLANG_WARN_UNREACHABLE_CODE = YES;
				CLANG_WARN__DUPLICATE_METHOD_MATCH = YES;
				COPY_PHASE_STRIP = NO;
				DEBUG_INFORMATION_FORMAT = "dwarf-with-dsym";
				ENABLE_NS_ASSERTIONS = NO;
				ENABLE_STRICT_OBJC_MSGSEND = YES;
				GCC_C_LANGUAGE_STANDARD = gnu11;
				GCC_NO_COMMON_BLOCKS = YES;
				GCC_WARN_64_TO_32_BIT_CONVERSION = YES;
				GCC_WARN_ABOUT_RETURN_TYPE = YES_ERROR;
				GCC_WARN_UNDECLARED_SELECTOR = YES;
				GCC_WARN_UNINITIALIZED_AUTOS = YES_AGGRESSIVE;
				GCC_WARN_UNUSED_FUNCTION = YES;
				GCC_WARN_UNUSED_VARIABLE = YES;
				IPHONEOS_DEPLOYMENT_TARGET = 16.2;
				MTL_ENABLE_DEBUG_INFO = NO;
				MTL_FAST_MATH = YES;
				SDKROOT = iphoneos;
				SWIFT_COMPILATION_MODE = wholemodule;
				SWIFT_OPTIMIZATION_LEVEL = "-O";
				VALIDATE_PRODUCT = YES;
			};
			name = Release;
		};
		C21D3626298A2FF80096ACC6 /* Debug */ = {
			isa = XCBuildConfiguration;
			buildSettings = {
				ASSETCATALOG_COMPILER_APPICON_NAME = AppIcon;
				ASSETCATALOG_COMPILER_GLOBAL_ACCENT_COLOR_NAME = AccentColor;
				CODE_SIGN_STYLE = Automatic;
				CURRENT_PROJECT_VERSION = 1;
				DEVELOPMENT_ASSET_PATHS = "\"Weather/Preview Content\"";
				DEVELOPMENT_TEAM = WAA2PW68S5;
				ENABLE_PREVIEWS = YES;
				GENERATE_INFOPLIST_FILE = YES;
				INFOPLIST_KEY_UIApplicationSceneManifest_Generation = YES;
				INFOPLIST_KEY_UIApplicationSupportsIndirectInputEvents = YES;
				INFOPLIST_KEY_UILaunchScreen_Generation = YES;
				INFOPLIST_KEY_UISupportedInterfaceOrientations_iPad = "UIInterfaceOrientationPortrait UIInterfaceOrientationPortraitUpsideDown UIInterfaceOrientationLandscapeLeft UIInterfaceOrientationLandscapeRight";
				INFOPLIST_KEY_UISupportedInterfaceOrientations_iPhone = "UIInterfaceOrientationPortrait UIInterfaceOrientationLandscapeLeft UIInterfaceOrientationLandscapeRight";
				LD_RUNPATH_SEARCH_PATHS = (
					"$(inherited)",
					"@executable_path/Frameworks",
				);
				MARKETING_VERSION = 1.0;
				PRODUCT_BUNDLE_IDENTIFIER = com.francisco.Weather;
				PRODUCT_NAME = "$(TARGET_NAME)";
				SWIFT_EMIT_LOC_STRINGS = YES;
				SWIFT_VERSION = 5.0;
				TARGETED_DEVICE_FAMILY = "1,2";
			};
			name = Debug;
		};
		C21D3627298A2FF80096ACC6 /* Release */ = {
			isa = XCBuildConfiguration;
			buildSettings = {
				ASSETCATALOG_COMPILER_APPICON_NAME = AppIcon;
				ASSETCATALOG_COMPILER_GLOBAL_ACCENT_COLOR_NAME = AccentColor;
				CODE_SIGN_STYLE = Automatic;
				CURRENT_PROJECT_VERSION = 1;
				DEVELOPMENT_ASSET_PATHS = "\"Weather/Preview Content\"";
				DEVELOPMENT_TEAM = WAA2PW68S5;
				ENABLE_PREVIEWS = YES;
				GENERATE_INFOPLIST_FILE = YES;
				INFOPLIST_KEY_UIApplicationSceneManifest_Generation = YES;
				INFOPLIST_KEY_UIApplicationSupportsIndirectInputEvents = YES;
				INFOPLIST_KEY_UILaunchScreen_Generation = YES;
				INFOPLIST_KEY_UISupportedInterfaceOrientations_iPad = "UIInterfaceOrientationPortrait UIInterfaceOrientationPortraitUpsideDown UIInterfaceOrientationLandscapeLeft UIInterfaceOrientationLandscapeRight";
				INFOPLIST_KEY_UISupportedInterfaceOrientations_iPhone = "UIInterfaceOrientationPortrait UIInterfaceOrientationLandscapeLeft UIInterfaceOrientationLandscapeRight";
				LD_RUNPATH_SEARCH_PATHS = (
					"$(inherited)",
					"@executable_path/Frameworks",
				);
				MARKETING_VERSION = 1.0;
				PRODUCT_BUNDLE_IDENTIFIER = com.francisco.Weather;
				PRODUCT_NAME = "$(TARGET_NAME)";
				SWIFT_EMIT_LOC_STRINGS = YES;
				SWIFT_VERSION = 5.0;
				TARGETED_DEVICE_FAMILY = "1,2";
			};
			name = Release;
		};
		C21D3629298A2FF80096ACC6 /* Debug */ = {
			isa = XCBuildConfiguration;
			buildSettings = {
				ALWAYS_EMBED_SWIFT_STANDARD_LIBRARIES = YES;
				BUNDLE_LOADER = "$(TEST_HOST)";
				CODE_SIGN_STYLE = Automatic;
				CURRENT_PROJECT_VERSION = 1;
				DEVELOPMENT_TEAM = WAA2PW68S5;
				GENERATE_INFOPLIST_FILE = YES;
				IPHONEOS_DEPLOYMENT_TARGET = 16.2;
				MARKETING_VERSION = 1.0;
				PRODUCT_BUNDLE_IDENTIFIER = com.francisco.WeatherTests;
				PRODUCT_NAME = "$(TARGET_NAME)";
				SWIFT_EMIT_LOC_STRINGS = NO;
				SWIFT_VERSION = 5.0;
				TARGETED_DEVICE_FAMILY = "1,2";
				TEST_HOST = "$(BUILT_PRODUCTS_DIR)/Weather.app/$(BUNDLE_EXECUTABLE_FOLDER_PATH)/Weather";
			};
			name = Debug;
		};
		C21D362A298A2FF80096ACC6 /* Release */ = {
			isa = XCBuildConfiguration;
			buildSettings = {
				ALWAYS_EMBED_SWIFT_STANDARD_LIBRARIES = YES;
				BUNDLE_LOADER = "$(TEST_HOST)";
				CODE_SIGN_STYLE = Automatic;
				CURRENT_PROJECT_VERSION = 1;
				DEVELOPMENT_TEAM = WAA2PW68S5;
				GENERATE_INFOPLIST_FILE = YES;
				IPHONEOS_DEPLOYMENT_TARGET = 16.2;
				MARKETING_VERSION = 1.0;
				PRODUCT_BUNDLE_IDENTIFIER = com.francisco.WeatherTests;
				PRODUCT_NAME = "$(TARGET_NAME)";
				SWIFT_EMIT_LOC_STRINGS = NO;
				SWIFT_VERSION = 5.0;
				TARGETED_DEVICE_FAMILY = "1,2";
				TEST_HOST = "$(BUILT_PRODUCTS_DIR)/Weather.app/$(BUNDLE_EXECUTABLE_FOLDER_PATH)/Weather";
			};
			name = Release;
		};
		C21D362C298A2FF80096ACC6 /* Debug */ = {
			isa = XCBuildConfiguration;
			buildSettings = {
				ALWAYS_EMBED_SWIFT_STANDARD_LIBRARIES = YES;
				CODE_SIGN_STYLE = Automatic;
				CURRENT_PROJECT_VERSION = 1;
				DEVELOPMENT_TEAM = WAA2PW68S5;
				GENERATE_INFOPLIST_FILE = YES;
				MARKETING_VERSION = 1.0;
				PRODUCT_BUNDLE_IDENTIFIER = com.francisco.WeatherUITests;
				PRODUCT_NAME = "$(TARGET_NAME)";
				SWIFT_EMIT_LOC_STRINGS = NO;
				SWIFT_VERSION = 5.0;
				TARGETED_DEVICE_FAMILY = "1,2";
				TEST_TARGET_NAME = Weather;
			};
			name = Debug;
		};
		C21D362D298A2FF80096ACC6 /* Release */ = {
			isa = XCBuildConfiguration;
			buildSettings = {
				ALWAYS_EMBED_SWIFT_STANDARD_LIBRARIES = YES;
				CODE_SIGN_STYLE = Automatic;
				CURRENT_PROJECT_VERSION = 1;
				DEVELOPMENT_TEAM = WAA2PW68S5;
				GENERATE_INFOPLIST_FILE = YES;
				MARKETING_VERSION = 1.0;
				PRODUCT_BUNDLE_IDENTIFIER = com.francisco.WeatherUITests;
				PRODUCT_NAME = "$(TARGET_NAME)";
				SWIFT_EMIT_LOC_STRINGS = NO;
				SWIFT_VERSION = 5.0;
				TARGETED_DEVICE_FAMILY = "1,2";
				TEST_TARGET_NAME = Weather;
			};
			name = Release;
		};
/* End XCBuildConfiguration section */

/* Begin XCConfigurationList section */
		C21D35FC298A2FF50096ACC6 /* Build configuration list for PBXProject "Weather" */ = {
			isa = XCConfigurationList;
			buildConfigurations = (
				C21D3623298A2FF80096ACC6 /* Debug */,
				C21D3624298A2FF80096ACC6 /* Release */,
			);
			defaultConfigurationIsVisible = 0;
			defaultConfigurationName = Release;
		};
		C21D3625298A2FF80096ACC6 /* Build configuration list for PBXNativeTarget "Weather" */ = {
			isa = XCConfigurationList;
			buildConfigurations = (
				C21D3626298A2FF80096ACC6 /* Debug */,
				C21D3627298A2FF80096ACC6 /* Release */,
			);
			defaultConfigurationIsVisible = 0;
			defaultConfigurationName = Release;
		};
		C21D3628298A2FF80096ACC6 /* Build configuration list for PBXNativeTarget "WeatherTests" */ = {
			isa = XCConfigurationList;
			buildConfigurations = (
				C21D3629298A2FF80096ACC6 /* Debug */,
				C21D362A298A2FF80096ACC6 /* Release */,
			);
			defaultConfigurationIsVisible = 0;
			defaultConfigurationName = Release;
		};
		C21D362B298A2FF80096ACC6 /* Build configuration list for PBXNativeTarget "WeatherUITests" */ = {
			isa = XCConfigurationList;
			buildConfigurations = (
				C21D362C298A2FF80096ACC6 /* Debug */,
				C21D362D298A2FF80096ACC6 /* Release */,
			);
			defaultConfigurationIsVisible = 0;
			defaultConfigurationName = Release;
		};
/* End XCConfigurationList section */
	};
	rootObject = C21D35F9298A2FF50096ACC6 /* Project object */;
}
